
Microsoft Visual Studio Solution File, Format Version 12.00
# Visual Studio Version 16
VisualStudioVersion = 16.0.31005.135
MinimumVisualStudioVersion = 10.0.40219.1
Project("{FAE04EC0-301F-11D3-BF4B-00C04F79EFBC}") = "LeetTalk", "LeetTalk\LeetTalk.csproj", "{1C3BDA84-3AF6-4E38-AA17-0C849A7F277E}"
EndProject
Global
	GlobalSection(SolutionConfigurationPlatforms) = preSolution
		Debug|Any CPU = Debug|Any CPU
		Release|Any CPU = Release|Any CPU
	EndGlobalSection
	GlobalSection(ProjectConfigurationPlatforms) = postSolution
		{1C3BDA84-3AF6-4E38-AA17-0C849A7F277E}.Debug|Any CPU.ActiveCfg = Debug|Any CPU
		{1C3BDA84-3AF6-4E38-AA17-0C849A7F277E}.Debug|Any CPU.Build.0 = Debug|Any CPU
		{1C3BDA84-3AF6-4E38-AA17-0C849A7F277E}.Release|Any CPU.ActiveCfg = Release|Any CPU
		{1C3BDA84-3AF6-4E38-AA17-0C849A7F277E}.Release|Any CPU.Build.0 = Release|Any CPU
	EndGlobalSection
	GlobalSection(SolutionProperties) = preSolution
		HideSolutionNode = FALSE
	EndGlobalSection
	GlobalSection(ExtensibilityGlobals) = postSolution
		SolutionGuid = {3E22ADC3-DECF-4499-881E-768268E6731B}
	EndGlobalSection
EndGlobal
